
Microsoft Visual Studio Solution File, Format Version 12.00
# Visual Studio Version 17
VisualStudioVersion = 17.1.32210.238
MinimumVisualStudioVersion = 10.0.40219.1
Project("{9A19103F-16F7-4668-BE54-9A1E7A4F7556}") = "Automation.CLI", "src\Automation.CLI\Automation.CLI.csproj", "{484B42F2-24F1-4DAE-B263-B9310BB5C47B}"
EndProject
Project("{9A19103F-16F7-4668-BE54-9A1E7A4F7556}") = "Automation.ConfigMaker.GUI", "src\Automation.ConfigMaker.GUI\Automation.ConfigMaker.GUI.csproj", "{C15E4872-0972-4DAD-ADD0-66789601AFA8}"
EndProject
Project("{FAE04EC0-301F-11D3-BF4B-00C04F79EFBC}") = "Automation.Core", "src\Automation.Core\Automation.Core.csproj", "{991A565D-3F3F-4203-9942-DD11BEBF31E7}"
EndProject
Project("{9A19103F-16F7-4668-BE54-9A1E7A4F7556}") = "HttpApiClient", "src\HttpApiClient\HttpApiClient.csproj", "{ABB28612-2383-4401-9426-5A7D81B495EE}"
EndProject
Project("{9A19103F-16F7-4668-BE54-9A1E7A4F7556}") = "McAfeeApiClient", "src\McAfeeEpoClient\McAfeeApiClient.csproj", "{2C0ADB17-C6DB-45AA-8E66-592B41A14B13}"
EndProject
Project("{9A19103F-16F7-4668-BE54-9A1E7A4F7556}") = "AcronisApiClient", "src\AcronisClient\AcronisApiClient.csproj", "{6EF1BA6F-72E5-4AF2-AFAF-5EB682053185}"
EndProject
Project("{9A19103F-16F7-4668-BE54-9A1E7A4F7556}") = "VCenterApiClient", "src\VCenterApiClient\VCenterApiClient.csproj", "{3328BED1-4D01-4929-B08F-E361DC115778}"
EndProject
Project("{9A19103F-16F7-4668-BE54-9A1E7A4F7556}") = "Automation.Configuration", "src\Automation.ProgramConfiguration\Automation.Configuration.csproj", "{F89EB9C9-5ECD-4CDF-A48E-09DE520DF4F0}"
EndProject
Project("{9A19103F-16F7-4668-BE54-9A1E7A4F7556}") = "Automation.Cryptography", "src\Automation.Cryptography\Automation.Cryptography.csproj", "{9167ACB3-17E1-4601-95C1-0AE012B87FD4}"
EndProject
Global
	GlobalSection(SolutionConfigurationPlatforms) = preSolution
		Debug|Any CPU = Debug|Any CPU
		Release|Any CPU = Release|Any CPU
	EndGlobalSection
	GlobalSection(ProjectConfigurationPlatforms) = postSolution
		{ABB28612-2383-4401-9426-5A7D81B495EE}.Debug|Any CPU.ActiveCfg = Debug|Any CPU
		{ABB28612-2383-4401-9426-5A7D81B495EE}.Debug|Any CPU.Build.0 = Debug|Any CPU
		{ABB28612-2383-4401-9426-5A7D81B495EE}.Release|Any CPU.ActiveCfg = Release|Any CPU
		{ABB28612-2383-4401-9426-5A7D81B495EE}.Release|Any CPU.Build.0 = Release|Any CPU
		{2C0ADB17-C6DB-45AA-8E66-592B41A14B13}.Debug|Any CPU.ActiveCfg = Debug|Any CPU
		{2C0ADB17-C6DB-45AA-8E66-592B41A14B13}.Debug|Any CPU.Build.0 = Debug|Any CPU
		{2C0ADB17-C6DB-45AA-8E66-592B41A14B13}.Release|Any CPU.ActiveCfg = Release|Any CPU
		{2C0ADB17-C6DB-45AA-8E66-592B41A14B13}.Release|Any CPU.Build.0 = Release|Any CPU
		{6EF1BA6F-72E5-4AF2-AFAF-5EB682053185}.Debug|Any CPU.ActiveCfg = Debug|Any CPU
		{6EF1BA6F-72E5-4AF2-AFAF-5EB682053185}.Debug|Any CPU.Build.0 = Debug|Any CPU
		{6EF1BA6F-72E5-4AF2-AFAF-5EB682053185}.Release|Any CPU.ActiveCfg = Release|Any CPU
		{6EF1BA6F-72E5-4AF2-AFAF-5EB682053185}.Release|Any CPU.Build.0 = Release|Any CPU
		{3328BED1-4D01-4929-B08F-E361DC115778}.Debug|Any CPU.ActiveCfg = Debug|Any CPU
		{3328BED1-4D01-4929-B08F-E361DC115778}.Debug|Any CPU.Build.0 = Debug|Any CPU
		{3328BED1-4D01-4929-B08F-E361DC115778}.Release|Any CPU.ActiveCfg = Release|Any CPU
		{3328BED1-4D01-4929-B08F-E361DC115778}.Release|Any CPU.Build.0 = Release|Any CPU
		{F89EB9C9-5ECD-4CDF-A48E-09DE520DF4F0}.Debug|Any CPU.ActiveCfg = Debug|Any CPU
		{F89EB9C9-5ECD-4CDF-A48E-09DE520DF4F0}.Debug|Any CPU.Build.0 = Debug|Any CPU
		{F89EB9C9-5ECD-4CDF-A48E-09DE520DF4F0}.Release|Any CPU.ActiveCfg = Release|Any CPU
		{F89EB9C9-5ECD-4CDF-A48E-09DE520DF4F0}.Release|Any CPU.Build.0 = Release|Any CPU
		{9167ACB3-17E1-4601-95C1-0AE012B87FD4}.Debug|Any CPU.ActiveCfg = Debug|Any CPU
		{9167ACB3-17E1-4601-95C1-0AE012B87FD4}.Debug|Any CPU.Build.0 = Debug|Any CPU
		{9167ACB3-17E1-4601-95C1-0AE012B87FD4}.Release|Any CPU.ActiveCfg = Release|Any CPU
		{9167ACB3-17E1-4601-95C1-0AE012B87FD4}.Release|Any CPU.Build.0 = Release|Any CPU
		{484B42F2-24F1-4DAE-B263-B9310BB5C47B}.Debug|Any CPU.ActiveCfg = Debug|Any CPU
		{484B42F2-24F1-4DAE-B263-B9310BB5C47B}.Debug|Any CPU.Build.0 = Debug|Any CPU
		{484B42F2-24F1-4DAE-B263-B9310BB5C47B}.Release|Any CPU.ActiveCfg = Release|Any CPU
		{484B42F2-24F1-4DAE-B263-B9310BB5C47B}.Release|Any CPU.Build.0 = Release|Any CPU
		{C15E4872-0972-4DAD-ADD0-66789601AFA8}.Debug|Any CPU.ActiveCfg = Debug|Any CPU
		{C15E4872-0972-4DAD-ADD0-66789601AFA8}.Debug|Any CPU.Build.0 = Debug|Any CPU
		{C15E4872-0972-4DAD-ADD0-66789601AFA8}.Release|Any CPU.ActiveCfg = Release|Any CPU
		{C15E4872-0972-4DAD-ADD0-66789601AFA8}.Release|Any CPU.Build.0 = Release|Any CPU
		{991A565D-3F3F-4203-9942-DD11BEBF31E7}.Debug|Any CPU.ActiveCfg = Debug|Any CPU
		{991A565D-3F3F-4203-9942-DD11BEBF31E7}.Debug|Any CPU.Build.0 = Debug|Any CPU
		{991A565D-3F3F-4203-9942-DD11BEBF31E7}.Release|Any CPU.ActiveCfg = Release|Any CPU
		{991A565D-3F3F-4203-9942-DD11BEBF31E7}.Release|Any CPU.Build.0 = Release|Any CPU
	EndGlobalSection
	GlobalSection(SolutionProperties) = preSolution
		HideSolutionNode = FALSE
	EndGlobalSection
	GlobalSection(ExtensibilityGlobals) = postSolution
		SolutionGuid = {D7965956-35D3-46F6-A0DB-116E62837FA3}
	EndGlobalSection
EndGlobal
